
Microsoft Visual Studio Solution File, Format Version 12.00
# Visual Studio 2012
Project("{FAE04EC0-301F-11D3-BF4B-00C04F79EFBC}") = "DistanceConverter", "DistanceConverter\DistanceConverter.csproj", "{FD4947C3-C8CA-428A-B2D9-B82200055E27}"
EndProject
Global
	GlobalSection(SolutionConfigurationPlatforms) = preSolution
		Debug|Any CPU = Debug|Any CPU
		Release|Any CPU = Release|Any CPU
	EndGlobalSection
	GlobalSection(ProjectConfigurationPlatforms) = postSolution
		{FD4947C3-C8CA-428A-B2D9-B82200055E27}.Debug|Any CPU.ActiveCfg = Debug|Any CPU
		{FD4947C3-C8CA-428A-B2D9-B82200055E27}.Debug|Any CPU.Build.0 = Debug|Any CPU
		{FD4947C3-C8CA-428A-B2D9-B82200055E27}.Release|Any CPU.ActiveCfg = Release|Any CPU
		{FD4947C3-C8CA-428A-B2D9-B82200055E27}.Release|Any CPU.Build.0 = Release|Any CPU
	EndGlobalSection
	GlobalSection(SolutionProperties) = preSolution
		HideSolutionNode = FALSE
	EndGlobalSection
EndGlobal
